
Microsoft Visual Studio Solution File, Format Version 12.00
# Visual Studio Version 17
VisualStudioVersion = 17.13.35806.99 d17.13
MinimumVisualStudioVersion = 10.0.40219.1
Project("{FAE04EC0-301F-11D3-BF4B-00C04F79EFBC}") = "Nina.Restoran.Api", "Nina.Restoran.Api.csproj", "{0255BA53-1211-4708-88CE-44563DEEB419}"
EndProject
Global
	GlobalSection(SolutionConfigurationPlatforms) = preSolution
		Debug|Any CPU = Debug|Any CPU
		Release|Any CPU = Release|Any CPU
	EndGlobalSection
	GlobalSection(ProjectConfigurationPlatforms) = postSolution
		{0255BA53-1211-4708-88CE-44563DEEB419}.Debug|Any CPU.ActiveCfg = Debug|Any CPU
		{0255BA53-1211-4708-88CE-44563DEEB419}.Debug|Any CPU.Build.0 = Debug|Any CPU
		{0255BA53-1211-4708-88CE-44563DEEB419}.Release|Any CPU.ActiveCfg = Release|Any CPU
		{0255BA53-1211-4708-88CE-44563DEEB419}.Release|Any CPU.Build.0 = Release|Any CPU
	EndGlobalSection
	GlobalSection(SolutionProperties) = preSolution
		HideSolutionNode = FALSE
	EndGlobalSection
	GlobalSection(ExtensibilityGlobals) = postSolution
		SolutionGuid = {B334D985-B8F5-4A00-9C65-3B84C99131E1}
	EndGlobalSection
EndGlobal
